PODS:
  - AliyunOSSiOS (2.10.0)
  - CocoaLumberjack (3.4.1):
    - CocoaLumberjack/Default (= 3.4.1)
    - CocoaLumberjack/Extensions (= 3.4.1)
  - CocoaLumberjack/Default (3.4.1)
  - CocoaLumberjack/Extensions (3.4.1):
    - CocoaLumberjack/Default
  - MagicalRecord (2.3.2):
    - MagicalRecord/Core (= 2.3.2)
  - MagicalRecord/Core (2.3.2)
  - SDWebImage (5.4.0):
    - SDWebImage/Core (= 5.4.0)
  - SDWebImage/Core (5.4.0)
  - ZipArchive (1.4.0)

DEPENDENCIES:
  - AliyunOSSiOS
  - CocoaLumberjack
  - MagicalRecord (~> 2.3.2)
  - SDWebImage
  - ZipArchive

SPEC REPOS:
  https://github.com/CocoaPods/Specs.git:
    - AliyunOSSiOS
    - CocoaLumberjack
    - MagicalRecord
    - ZipArchive
  trunk:
    - SDWebImage

SPEC CHECKSUMS:
  AliyunOSSiOS: 1f42c7b1542f22b75a81127bdb0b0798122a2f1f
  CocoaLumberjack: 2e258a064cacc8eb9a2aca318e24d02a0a7fd56d
  MagicalRecord: 53bed74b4323b930992a725be713e53b37d19755
  SDWebImage: 5bf6aec6481ae2a062bdc59f9d6c1d1e552090e0
  ZipArchive: e25a4373192673e3229ac8d6e9f64a3e5713c966

PODFILE CHECKSUM: 6c111a0d45b804e37fba06dfe34412b24cd301c3

COCOAPODS: 1.8.4
